hash: 6af40fd78b40cdeb0b3a4ea612a1d529a90e6c5dae9e5948773a0a81651fb70a
updated: 2018-09-08T20:37:51.915664329+05:30
imports:
- name: github.com/asaskevich/govalidator
  version: 2c14e1cca90af49b3b21fe2d7aaa8cc7f9da2ff8
  repo: https://github.com/asaskevich/govalidator
- name: github.com/cstockton/go-conv
  version: 66a2b2ba36e101a342252b65b26176cf2f27d210
  subpackages:
  - internal/refconv
  - internal/refutil
- name: github.com/flosch/pongo2
  version: 24195e6d38b06020d7a92c7b11960cf2e7cad2f2
- name: github.com/fsnotify/fsnotify
  version: ccc981bf80385c528a65fbfdd49bf2d8da22aa23
- name: github.com/go-openapi/analysis
  version: 7c1bef8f6d9fa6148ce0d8a0ebf5339a084a6639
  repo: https://github.com/go-openapi/analysis
- name: github.com/go-openapi/errors
  version: b2b2befaf267d082d779bcef52d682a47c779517
  repo: https://github.com/go-openapi/errors
- name: github.com/go-openapi/inflect
  version: b1f6470ffb9c552dc105dd869f16e36ba86ba7d0
  repo: https://github.com/go-openapi/inflect
- name: github.com/go-openapi/jsonpointer
  version: 3a0015ad55fa9873f41605d3e8f28cd279c32ab2
  repo: https://github.com/go-openapi/jsonpointer
- name: github.com/go-openapi/jsonreference
  version: 3fb327e6747da3043567ee86abd02bb6376b6be2
  repo: https://github.com/go-openapi/jsonreference
- name: github.com/go-openapi/loads
  version: 2a2b323bab96e6b1fdee110e57d959322446e9c9
  repo: https://github.com/go-openapi/loads
  subpackages:
  - fmts
- name: github.com/go-openapi/runtime
  version: 9a3091f566c0811ef4d54b535179bc0fc484a11f
  repo: https://github.com/go-openapi/runtime
- name: github.com/go-openapi/spec
  version: 384415f06ee238aae1df5caad877de6ceac3a5c4
  repo: https://github.com/go-openapi/spec
- name: github.com/go-openapi/strfmt
  version: eed2e948ab461573432a715f4dd5f0ef51cbadd6
  repo: https://github.com/go-openapi/strfmt
- name: github.com/go-openapi/swag
  version: becd2f08beafcca035645a8a101e0e3e18140458
- name: github.com/go-openapi/validate
  version: 7c1911976134d3a24d0c03127505163c9f16aa3b
  repo: https://github.com/go-openapi/validate
- name: github.com/go-swagger/go-swagger
  version: ab8625222ea1ff67cfe993a6ce68d36906789d05
  repo: git@github.com:flowgen/go-swagger.git
  subpackages:
  - generator
- name: github.com/hashicorp/hcl
  version: 630949a3c5fa3c613328e1b8256052cbc2327c9b
  subpackages:
  - hcl/ast
  - hcl/parser
  - hcl/printer
  - hcl/scanner
  - hcl/strconv
  - hcl/token
  - json/parser
  - json/scanner
  - json/token
- name: github.com/inconshreveable/mousetrap
  version: 76626ae9c91c4f2a10f34cad8ce83ea42c93bb75
- name: github.com/jmespath/go-jmespath
  version: 48cdf78d9473a37c16119dc2535a0a09eda49033
  repo: git@github.com:flowgen/go-jmespath.git
- name: github.com/juju/errors
  version: 22422dad46e14561a0854ad42497a75af9b61909
- name: github.com/kr/pretty
  version: cfb55aafdaf3ec08f0db22699ab822c50091b1c4
  repo: https://github.com/kr/pretty
- name: github.com/kr/text
  version: 7cafcd837844e784b526369c9bce262804aebc60
  repo: https://github.com/kr/text
- name: github.com/magiconair/properties
  version: c2353362d570a7bfa228149c62842019201cfb71
- name: github.com/mailru/easyjson
  version: 2af9a745a611440bab0528e5ac19b2805a1c50eb
  subpackages:
  - buffer
  - jlexer
  - jwriter
- name: github.com/mitchellh/mapstructure
  version: 717e17f7446f611c4e8fb69d6848cbf891e02e72
  repo: git@github.com:flowgen/mapstructure.git
- name: github.com/oleiade/reflections
  version: bfcc97ebb7fe8fa8ccfe23554901ead8794bae07
  repo: git@github.com:flowgen/reflections.git
- name: github.com/pelletier/go-toml
  version: c2dbbc24a97911339e01bda0b8cabdbd8f13b602
- name: github.com/PuerkitoBio/purell
  version: b938d81255b5473c57635324295cb0fe398c7a58
  repo: https://github.com/PuerkitoBio/purell
- name: github.com/PuerkitoBio/urlesc
  version: bbf7a2afc14f93e1e0a5c06df524fbd75e5031e5
  repo: https://github.com/PuerkitoBio/urlesc
- name: github.com/spf13/afero
  version: 9be650865eab0c12963d8753212f4f9c66cdcf12
  subpackages:
  - mem
- name: github.com/spf13/cast
  version: 8965335b8c7107321228e3e3702cab9832751bac
- name: github.com/spf13/cobra
  version: 99dc123558852f67743bd0b2caf8383cb3c6d720
- name: github.com/spf13/jwalterweatherman
  version: 4a4406e478ca629068e7768fc33f3f044173c0a6
- name: github.com/spf13/pflag
  version: 298182f68c66c05229eb03ac171abe6e309ee79a
- name: github.com/spf13/viper
  version: 3171ef9a229903ce60a9513ec3899b63c003e91c
- name: golang.org/x/net
  version: d1e1b351919c6738fdeb9893d5c998b161464f0c
  repo: https://go.googlesource.com/net
  subpackages:
  - context
  - idna
  - netutil
- name: golang.org/x/sys
  version: f3918c30c5c2cb527c0b071a27c35120a6c0719a
  repo: https://go.googlesource.com/sys
  subpackages:
  - unix
- name: golang.org/x/text
  version: f4b4367115ec2de254587813edaa901bc1c723a8
  repo: https://go.googlesource.com/text
  subpackages:
  - secure/bidirule
  - transform
  - unicode/bidi
  - unicode/norm
  - width
- name: golang.org/x/tools
  version: 9bf174b4d3fab31065b140e4a69c6e6b17746806
  repo: https://go.googlesource.com/tools
  subpackages:
  - go/ast/astutil
  - go/buildutil
  - go/loader
  - imports
- name: gopkg.in/mgo.v2
  version: 3f83fa5005286a7fe593b055f0d7771a7dce4655
  repo: https://gopkg.in/mgo.v2
  subpackages:
  - bson
  - internal/json
- name: gopkg.in/yaml.v2
  version: 5420a8b6744d3b0345ab293f6fcba19c978f1183
testImports: []
