github.com/PuerkitoBio/purell v0.0.0-20170324134132-b938d81255b5 h1:nnyLxxvioCwaL1F8X2QFpNSDIs2+brT0137Hi6joDNc=
github.com/PuerkitoBio/purell v0.0.0-20170324134132-b938d81255b5/go.mod h1:c11w/QuzBsJSee3cPx9rAFu61PvFxuPbtSwDGJws/X0=
github.com/PuerkitoBio/urlesc v0.0.0-20170324140228-bbf7a2afc14f h1:tGG2bF6ewA2usFL4KBiG3NmWBpZXDEIZJ48iMZ7JILs=
github.com/PuerkitoBio/urlesc v0.0.0-20170324140228-bbf7a2afc14f/go.mod h1:uGdkoq3SwY9Y+13GIhn11/XLaGBb4BfwItxLd5jeuXE=
github.com/asaskevich/govalidator v0.0.0-20170402150040-2c14e1cca90a h1:Yuksvu0HxCCzHmlGhaGTrZ1Rr5V/0GlzMBdzMRIZyVo=
github.com/asaskevich/govalidator v0.0.0-20170402150040-2c14e1cca90a/go.mod h1:lB+ZfQJz7igIIfQNfa7Ml4HSf2uFQQRzpGGRXenZAgY=
github.com/creack/pty v1.1.9/go.mod h1:oKZEueFk5CKHvIhNR5MUki03XCEU+Q6VDXinZuGJ33E=
github.com/cstockton/go-conv v0.0.0-20170326004553-3b644f69dbf7 h1:NgC/GXnS0UioCukGKOuboBZiLv4cM/f7sdXvRo9iPUc=
github.com/cstockton/go-conv v0.0.0-20170326004553-3b644f69dbf7/go.mod h1:MBKpQ5HV5wcT/nQYoEqjSMiXwxPouaReOs2f4kj70SQ=
github.com/davecgh/go-spew v1.1.1 h1:vj9j/u1bqnvCEfJOwUhtlOARqs3+rkHYY13jYWTU97c=
github.com/davecgh/go-spew v1.1.1/go.mod h1:J7Y8YcW2NihsgmVo/mv3lAwl/skON4iLHjSsI+c5H38=
github.com/flosch/pongo2 v0.0.0-20170227155500-1d0f0d3af150 h1:38UfkUIQWthyIzNsbuujQdqo3tnKlhonMYgmdgwuzkU=
github.com/flosch/pongo2 v0.0.0-20170227155500-1d0f0d3af150/go.mod h1:rE0ErqqBaMcp9pzj8JxV1GcfDBpuypXYxlR1c37AUwg=
github.com/flowgen/go-jmespath v0.0.0-20170808102655-48cdf78d9473 h1:sAWFH+GmZk8PAV1PTPx41ASkNwGSZLzZ8ja1z4gAhwY=
github.com/flowgen/go-jmespath v0.0.0-20170808102655-48cdf78d9473/go.mod h1:sHWRPMUyl0/lC40EfdLjtS0/TmiUUCNqtMACb3hcEJI=
github.com/flowgen/go-swagger v0.0.0-20170421123233-0925bd9bdbce h1:xD0tij1g6Ypyfe6gwtUR/t+cLEFerjBXH2eJY0ML6qw=
github.com/flowgen/go-swagger v0.0.0-20170421123233-0925bd9bdbce/go.mod h1:Kp9MhXRBS0JFGsetWjhY3XK1tzFlavRuOV8yvfrJchs=
github.com/flowgen/mapstructure v0.0.0-20171207110131-811f0a654707 h1:qhasIBWN2ZTZsO8BX4x/luycTPsIEs3nulCL4YsEym4=
github.com/flowgen/mapstructure v0.0.0-20171207110131-811f0a654707/go.mod h1:B6Wtb+Z57kyTUMGGVPZNPEw/F4w4dqum9J3Jg4sY5Ys=
github.com/flowgen/reflections v0.0.0-20170405131826-bfcc97ebb7fe h1:QW4ffNK/ZjsveQj6WLgWT1/lrlO/cBX+3DYOaFwAK44=
github.com/flowgen/reflections v0.0.0-20170405131826-bfcc97ebb7fe/go.mod h1:165XNUAwyM5hTVR7MCC+t9E6M1dOYvGdVp5Y+sd3xFQ=
github.com/fsnotify/fsnotify v0.0.0-20170329110642-4da3e2cfbabc h1:fqUzyjP8DApxXq0dOZJE/NvqQkyjxiTy9ARNyRwBPEw=
github.com/fsnotify/fsnotify v0.0.0-20170329110642-4da3e2cfbabc/go.mod h1:jwhsz4b93w/PPRr/qN1Yymfu8t87LnFCMoQvtojpjFo=
github.com/go-openapi/analysis v0.0.0-20161231055341-d5a75b7d751c h1:2vsKPPVj/x6e21XiUr3zk+RpsNjknbEUvhVETVSY1A8=
github.com/go-openapi/analysis v0.0.0-20161231055341-d5a75b7d751c/go.mod h1:k70tL6pCuVxPJOHXQ+wIac1FUrvNkHolPie/cLEU6hI=
github.com/go-openapi/errors v0.0.0-20170104180542-fc3f73a22449 h1:23vfSBjmg9n50rkiub84DQARbicffyyUh7oYRMLyz+o=
github.com/go-openapi/errors v0.0.0-20170104180542-fc3f73a22449/go.mod h1:La0D2x9HoXenv7MDEiAv6vWoe84CXFo0PQRk/jdQlww=
github.com/go-openapi/inflect v0.0.0-20130829110746-b1f6470ffb9c h1:JhvDGgRMgZrFPEpzlvND+yPksAY9xyI25VNXX9qWc9Q=
github.com/go-openapi/inflect v0.0.0-20130829110746-b1f6470ffb9c/go.mod h1:lHpZVlpIQqLyKwJ4N+YSc9hchQy/i12fJykb83CRBH4=
github.com/go-openapi/jsonpointer v0.0.0-20170102174223-779f45308c19 h1:UmnefiS/Yrdfl15NXUA9T51lyQf72tCvWHfOiRLd1+g=
github.com/go-openapi/jsonpointer v0.0.0-20170102174223-779f45308c19/go.mod h1:+35s3my2LFTysnkMfxsJBAMHj/DoqoB9knIWoYG/Vk0=
github.com/go-openapi/jsonreference v0.0.0-20161105162150-36d33bfe519e h1:gbNUNGpVJLxaXBxI7iCHZdg3PwgLOJ9lPQGVINRrC9E=
github.com/go-openapi/jsonreference v0.0.0-20161105162150-36d33bfe519e/go.mod h1:W3Z9FmVs9qj+KR4zFKmDPGiLdk1D9Rlm7cyMvf57TTg=
github.com/go-openapi/loads v0.0.0-20170118010502-6bb6486231e0 h1:R6pngSvjt1fqVHk0etNsgnUgkSQIR9Lh8juKla7sDa0=
github.com/go-openapi/loads v0.0.0-20170118010502-6bb6486231e0/go.mod h1:5qFWh9T8iTbMizjsoC/EHEN3onRy+cfNRw/wV1iX1Og=
github.com/go-openapi/runtime v0.0.0-20170303002511-e66a4c440602 h1:ltSYAGaSUjyk1+qDaDX2nlonnVPmwCPqIbOmeqyZhXg=
github.com/go-openapi/runtime v0.0.0-20170303002511-e66a4c440602/go.mod h1:6v9a6LTXWQCdL8k1AO3cvqx5OtZY/Y9wKTgaoP6YRfA=
github.com/go-openapi/spec v0.0.0-20170413060731-e51c28f07047 h1:wpuQdUcLaVf9A1O5DwsZS+AViW+wEcPDLkuF1qIcaw4=
github.com/go-openapi/spec v0.0.0-20170413060731-e51c28f07047/go.mod h1:J8+jY1nAiCcj+friV/PDoE1/3eeccG9LYBs0tYvLOWc=
github.com/go-openapi/strfmt v0.0.0-20170319025125-93a31ef21ac2 h1:exDK7+WmDWWx6d5Zr77qd41kUJF006HTXxRpOOQhTY8=
github.com/go-openapi/strfmt v0.0.0-20170319025125-93a31ef21ac2/go.mod h1:/bCWipNKhC9QMhD8HRe2EGbU8G0D4Yvh0G6X4k1Xwvg=
github.com/go-openapi/swag v0.0.0-20170413040949-aa30237cf993 h1:Fm4e5nYAJ5+u3zc67Ddgkvetb4Y6unpktufJZEcxL4k=
github.com/go-openapi/swag v0.0.0-20170413040949-aa30237cf993/go.mod h1:DXUve3Dpr1UfpPtxFw+EFuQ41HhCWZfha5jSVRG7C7I=
github.com/go-openapi/validate v0.0.0-20170117155836-035dcd74f1f6 h1:W6Pe6leJiVAeY7VScEFCBc9ijre7fL3z5Qq0ag71hY8=
github.com/go-openapi/validate v0.0.0-20170117155836-035dcd74f1f6/go.mod h1:ve8xoSHgqBUifiKgaVbxLmOE0ckvH0oXfsJcnm6SIz0=
github.com/google/uuid v1.0.0 h1:b4Gk+7WdP/d3HZH8EJsZpvV7EtDOgaZLtnaNGIu1adA=
github.com/google/uuid v1.0.0/go.mod h1:TIyPZe4MgqvfeYDBFedMoGGpEw/LqOeaOT+nhxU+yHo=
github.com/hashicorp/hcl v0.0.0-20170217164738-630949a3c5fa h1:10wM7X2JKPrmcvtI9Qy2xsoQI1CBA8dd6LqjyGKlD0c=
github.com/hashicorp/hcl v0.0.0-20170217164738-630949a3c5fa/go.mod h1:oZtUIOe8dh44I2q6ScRibXws4Ajl+d+nod3AaR9vL5w=
github.com/inconshreveable/mousetrap v0.0.0-20141017200713-76626ae9c91c h1:Ur2o+2uZgGSejDFvjNQwiKVey0RCq6PjxK+WIDeRik8=
github.com/inconshreveable/mousetrap v0.0.0-20141017200713-76626ae9c91c/go.mod h1:PxqpIevigyE2G7u3NXJIT2ANytuPF1OarO4DADm73n8=
github.com/jessevdk/go-flags v1.5.0 h1:1jKYvbxEjfUl0fmqTCOfonvskHHXMjBySTLW4y9LFvc=
github.com/jessevdk/go-flags v1.5.0/go.mod h1:Fw0T6WPc1dYxT4mKEZRfG5kJhaTDP9pj1c2EWnYs/m4=
github.com/juju/errors v1.0.0 h1:yiq7kjCLll1BiaRuNY53MGI0+EQ3rF6GB+wvboZDefM=
github.com/juju/errors v1.0.0/go.mod h1:B5x9thDqx0wIMH3+aLIMP9HjItInYWObRovoCFM5Qe8=
github.com/kr/pretty v0.3.1 h1:flRD4NNwYAUpkphVc1HcthR4KEIFJ65n8Mw5qdRn3LE=
github.com/kr/pretty v0.3.1/go.mod h1:hoEshYVHaxMs3cyo3Yncou5ZscifuDolrwPKZanG3xk=
github.com/kr/text v0.2.0 h1:5Nx0Ya0ZqY2ygV366QzturHI13Jq95ApcVaJBhpS+AY=
github.com/kr/text v0.2.0/go.mod h1:eLer722TekiGuMkidMxC/pM04lWEeraHUUmBw8l2grE=
github.com/magiconair/properties v0.0.0-20170321093039-51463bfca257 h1:nqPtTOaJx2zFKWinLXKQYQRfxXTZN3GoJ602Uo65VGY=
github.com/magiconair/properties v0.0.0-20170321093039-51463bfca257/go.mod h1:PppfXfuXeibc/6YijjN8zIbojt8czPbwD3XqdrwzmxQ=
github.com/mailru/easyjson v0.0.0-20170328210357-2af9a745a611 h1:6HDqXulRMFtI8jZfapWG+nQRFMj8uUGxTI0lYSD61Jo=
github.com/mailru/easyjson v0.0.0-20170328210357-2af9a745a611/go.mod h1:C1wdFJiN94OJF2b5HbByQZoLdCWB1Yqtg26g4irojpc=
github.com/pborman/uuid v1.2.1 h1:+ZZIw58t/ozdjRaXh/3awHfmWRbzYxJoAdNJxe/3pvw=
github.com/pborman/uuid v1.2.1/go.mod h1:X/NO0urCmaxf9VXbdlT7C2Yzkj2IKimNn4k+gtPdI/k=
github.com/pelletier/go-buffruneio v0.0.0-20170227220311-c37440a7cf42 h1:gs4crvz6L3T35vnszuXbGWtoUXSgGEyn2oRXn/WFaIM=
github.com/pelletier/go-buffruneio v0.0.0-20170227220311-c37440a7cf42/go.mod h1:JkE26KsDizTr40EUHkXVtNPvgGtbSNq5BcowyYOWdKo=
github.com/pelletier/go-toml v0.0.0-20170405014105-fe206efb84b2 h1:dN36F0YnNRd7REAknmVn3SWS/QrbXsUoE88kAVGfOAI=
github.com/pelletier/go-toml v0.0.0-20170405014105-fe206efb84b2/go.mod h1:5z9KED0ma1S8pY6P1sdut58dfprrGBbd/94hg7ilaic=
github.com/pkg/diff v0.0.0-20210226163009-20ebb0f2a09e/go.mod h1:pJLUxLENpZxwdsKMEsNbx1VGcRFpLqf3715MtcvvzbA=
github.com/pmezard/go-difflib v1.0.0 h1:4DBwDE0NGyQoBHbLQYPwSUPoCMWR5BEzIk/f1lZbAQM=
github.com/rogpeppe/go-internal v1.9.0 h1:73kH8U+JUqXU8lRuOHeVHaa/SZPifC7BkcraZVejAe8=
github.com/rogpeppe/go-internal v1.9.0/go.mod h1:WtVeX8xhTBvf0smdhujwtBcq4Qrzq/fJaraNFVN+nFs=
github.com/spf13/afero v0.0.0-20170217164146-9be650865eab h1:IVAbBHQR8rXL2Fc8Zba/lMF7KOnTi70lqdx91UTuAwQ=
github.com/spf13/afero v0.0.0-20170217164146-9be650865eab/go.mod h1:j4pytiNVoe2o6bmDsKpLACNPDBIoEAkihy7loJ1B0CQ=
github.com/spf13/cast v0.0.0-20170413091503-acbeb36b902d h1:ATddfIwITDDbNDeJszkCuUcPFAPfVK6bcV6Z6uEa5a4=
github.com/spf13/cast v0.0.0-20170413091503-acbeb36b902d/go.mod h1:r2rcYCSwa1IExKTDiTfzaxqT2FNHs8hODu4LnUfgKEg=
github.com/spf13/cobra v0.0.0-20170420195412-10f6b9d7e163 h1:s2VMPQrD9BhWU9Ar/670U0nnj3pHVQCLIQ/GWWft97U=
github.com/spf13/cobra v0.0.0-20170420195412-10f6b9d7e163/go.mod h1:1l0Ry5zgKvJasoi3XT1TypsSe7PqH0Sj9dhYf7v3XqQ=
github.com/spf13/jwalterweatherman v0.0.0-20170109133355-fa7ca7e836cf h1:F3R4gmObzwZfjwH3hCs9WIyyTPjL5yC/cfdsW5hORhI=
github.com/spf13/jwalterweatherman v0.0.0-20170109133355-fa7ca7e836cf/go.mod h1:cQK4TGJAtQXfYWX+Ddv3mKDzgVb68N+wFjFa4jdeBTo=
github.com/spf13/pflag v0.0.0-20170418052314-2300d0f8576f h1:QS35mw870bEYYX7eHbXxtmmc/CN5ItrT7jnK7iRelGM=
github.com/spf13/pflag v0.0.0-20170418052314-2300d0f8576f/go.mod h1:DYY7MBk1bdzusC3SYhjObp+wFpr4gzcvqqNjLnInEg4=
github.com/spf13/viper v0.0.0-20170417080815-0967fc9aceab h1:zBElsuPeIPEJIK0ASx7DJ5ULqRWPvfVil3Dg2gvArOM=
github.com/spf13/viper v0.0.0-20170417080815-0967fc9aceab/go.mod h1:A8kyI5cUJhb8N+3pkfONlcEcZbueH6nhAm0Fq7SrnBM=
github.com/stretchr/testify v1.8.4 h1:CcVxjf3Q8PM0mHUKJCdn+eZZtm5yQwehR5yeSVQQcUk=
github.com/stretchr/testify v1.8.4/go.mod h1:sz/lmYIOXD/1dqDmKjjqLyZ2RngseejIcXlSw2iwfAo=
golang.org/x/mod v0.6.0-dev.0.20220419223038-86c51ed26bb4 h1:6zppjxzCulZykYSLyVDYbneBfbaBIQPYMevg0bEwv2s=
golang.org/x/mod v0.6.0-dev.0.20220419223038-86c51ed26bb4/go.mod h1:jJ57K6gSWd91VN4djpZkiMVwK6gcyfeH4XE8wZrZaV4=
golang.org/x/net v0.2.0 h1:sZfSu1wtKLGlWI4ZZayP0ck9Y73K1ynO6gqzTdBVdPU=
golang.org/x/net v0.2.0/go.mod h1:KqCZLdyyvdV855qA2rE3GC2aiw5xGR5TEjj8smXukLY=
golang.org/x/sys v0.0.0-20210320140829-1e4c9ba3b0c4/go.mod h1:h1NjWce9XRLGQEsW7wpKNCjG9DtNlClVuFLEZdDNbEs=
golang.org/x/sys v0.2.0 h1:ljd4t30dBnAvMZaQCevtY0xLLD0A+bRZXbgLMLU1F/A=
golang.org/x/sys v0.2.0/go.mod h1:oPkhp1MJrh7nUepCBck5+mAzfO9JrbApNNgaTdGDITg=
golang.org/x/text v0.4.0 h1:BrVqGRd7+k1DiOgtnFvAkoQEWQvBc25ouMJM6429SFg=
golang.org/x/text v0.4.0/go.mod h1:mrYo+phRRbMaCq/xk9113O4dZlRixOauAjOtrjsXDZ8=
golang.org/x/tools v0.1.12 h1:VveCTK38A2rkS8ZqFY25HIDFscX5X9OoEhJd3quQmXU=
golang.org/x/tools v0.1.12/go.mod h1:hNGJHUnrk76NpqgfD5Aqm5Crs+Hm0VOH/i9J2+nxYbc=
gopkg.in/check.v1 v0.0.0-20161208181325-20d25e280405/go.mod h1:Co6ibVJAznAaIkqp8huTwlJQCZ016jof/cbN4VW5Yz0=
gopkg.in/check.v1 v1.0.0-20201130134442-10cb98267c6c h1:Hei/4ADfdWqJk1ZMxUNpqntNwaWcugrBjAiHlqqRiVk=
gopkg.in/mgo.v2 v2.0.0-20160818020120-3f83fa500528 h1:/saqWwm73dLmuzbNhe92F0QsZ/KiFND+esHco2v1hiY=
gopkg.in/mgo.v2 v2.0.0-20160818020120-3f83fa500528/go.mod h1:yeKp02qBN3iKW1OzL3MGk2IdtZzaj7SFntXj72NppTA=
gopkg.in/yaml.v2 v2.4.0 h1:D8xgwECY7CYvx+Y2n4sBz93Jn9JRvxdiyyo8CTfuKaY=
gopkg.in/yaml.v2 v2.4.0/go.mod h1:RDklbk79AGWmwhnvt/jBztapEOGDOx6ZbXqjP6csGnQ=
gopkg.in/yaml.v3 v3.0.1 h1:fxVm/GzAzEWqLHuvctI91KS9hhNmmWOoWu0XTYJS7CA=
